
Microsoft Visual Studio Solution File, Format Version 12.00
# Visual Studio 15
VisualStudioVersion = 15.0.28307.1082
MinimumVisualStudioVersion = 10.0.40219.1
Project("{8BC9CEB8-8B4A-11D0-8D11-00A0C91BC942}") = "MergeSort", "MergeSort\MergeSort.vcxproj", "{BFF17399-7B99-415E-9F43-97FD8087A402}"
EndProject
Global
	GlobalSection(SolutionConfigurationPlatforms) = preSolution
		Debug|x64 = Debug|x64
		Debug|x86 = Debug|x86
		Release|x64 = Release|x64
		Release|x86 = Release|x86
	EndGlobalSection
	GlobalSection(ProjectConfigurationPlatforms) = postSolution
		{BFF17399-7B99-415E-9F43-97FD8087A402}.Debug|x64.ActiveCfg = Debug|x64
		{BFF17399-7B99-415E-9F43-97FD8087A402}.Debug|x64.Build.0 = Debug|x64
		{BFF17399-7B99-415E-9F43-97FD8087A402}.Debug|x86.ActiveCfg = Debug|Win32
		{BFF17399-7B99-415E-9F43-97FD8087A402}.Debug|x86.Build.0 = Debug|Win32
		{BFF17399-7B99-415E-9F43-97FD8087A402}.Release|x64.ActiveCfg = Release|x64
		{BFF17399-7B99-415E-9F43-97FD8087A402}.Release|x64.Build.0 = Release|x64
		{BFF17399-7B99-415E-9F43-97FD8087A402}.Release|x86.ActiveCfg = Release|Win32
		{BFF17399-7B99-415E-9F43-97FD8087A402}.Release|x86.Build.0 = Release|Win32
	EndGlobalSection
	GlobalSection(SolutionProperties) = preSolution
		HideSolutionNode = FALSE
	EndGlobalSection
	GlobalSection(ExtensibilityGlobals) = postSolution
		SolutionGuid = {135E6E52-FFC7-4BB8-AFF3-EF6419AFFF82}
	EndGlobalSection
EndGlobal
