
Microsoft Visual Studio Solution File, Format Version 12.00
# Visual Studio 15
VisualStudioVersion = 15.0.28307.1145
MinimumVisualStudioVersion = 10.0.40219.1
Project("{8BC9CEB8-8B4A-11D0-8D11-00A0C91BC942}") = "BellmanFord_NV", "BellmanFord_NV\BellmanFord_NV.vcxproj", "{40404444-6FDC-407A-BE8A-5E4B71029AC5}"
EndProject
Global
	GlobalSection(SolutionConfigurationPlatforms) = preSolution
		Debug|x64 = Debug|x64
		Debug|x86 = Debug|x86
		Release|x64 = Release|x64
		Release|x86 = Release|x86
	EndGlobalSection
	GlobalSection(ProjectConfigurationPlatforms) = postSolution
		{40404444-6FDC-407A-BE8A-5E4B71029AC5}.Debug|x64.ActiveCfg = Debug|x64
		{40404444-6FDC-407A-BE8A-5E4B71029AC5}.Debug|x64.Build.0 = Debug|x64
		{40404444-6FDC-407A-BE8A-5E4B71029AC5}.Debug|x86.ActiveCfg = Debug|Win32
		{40404444-6FDC-407A-BE8A-5E4B71029AC5}.Debug|x86.Build.0 = Debug|Win32
		{40404444-6FDC-407A-BE8A-5E4B71029AC5}.Release|x64.ActiveCfg = Release|x64
		{40404444-6FDC-407A-BE8A-5E4B71029AC5}.Release|x64.Build.0 = Release|x64
		{40404444-6FDC-407A-BE8A-5E4B71029AC5}.Release|x86.ActiveCfg = Release|Win32
		{40404444-6FDC-407A-BE8A-5E4B71029AC5}.Release|x86.Build.0 = Release|Win32
	EndGlobalSection
	GlobalSection(SolutionProperties) = preSolution
		HideSolutionNode = FALSE
	EndGlobalSection
	GlobalSection(ExtensibilityGlobals) = postSolution
		SolutionGuid = {7EE40512-1B7C-40BA-9A6A-96CDE355A3A8}
	EndGlobalSection
EndGlobal
